
Microsoft Visual Studio Solution File, Format Version 12.00
# Visual Studio Version 16
VisualStudioVersion = 16.0.30330.147
MinimumVisualStudioVersion = 10.0.40219.1
Project("{FAE04EC0-301F-11D3-BF4B-00C04F79EFBC}") = "App4.UWP", "App4\App4.UWP\App4.UWP.csproj", "{E13D4809-C176-40F8-B597-4F96623882D3}"
EndProject
Project("{FAE04EC0-301F-11D3-BF4B-00C04F79EFBC}") = "App4.Android", "App4\App4.Android\App4.Android.csproj", "{8E6CEA8F-3A98-4B02-B685-ED4E1031FE52}"
EndProject
Project("{FAE04EC0-301F-11D3-BF4B-00C04F79EFBC}") = "App4.iOS", "App4\App4.iOS\App4.iOS.csproj", "{C7911ACB-EA09-4538-BE4B-F135E4611146}"
EndProject
Project("{FAE04EC0-301F-11D3-BF4B-00C04F79EFBC}") = "App4", "App4\App4\App4.csproj", "{D33CF493-C030-4803-B29B-2F3D59EF708F}"
EndProject
Global
	GlobalSection(SolutionConfigurationPlatforms) = preSolution
		Debug|Any CPU = Debug|Any CPU
		Debug|ARM = Debug|ARM
		Debug|iPhone = Debug|iPhone
		Debug|iPhoneSimulator = Debug|iPhoneSimulator
		Debug|x64 = Debug|x64
		Debug|x86 = Debug|x86
		Release|Any CPU = Release|Any CPU
		Release|ARM = Release|ARM
		Release|iPhone = Release|iPhone
		Release|iPhoneSimulator = Release|iPhoneSimulator
		Release|x64 = Release|x64
		Release|x86 = Release|x86
	EndGlobalSection
	GlobalSection(ProjectConfigurationPlatforms) = postSolution
		{E13D4809-C176-40F8-B597-4F96623882D3}.Debug|Any CPU.ActiveCfg = Debug|x86
		{E13D4809-C176-40F8-B597-4F96623882D3}.Debug|Any CPU.Build.0 = Debug|x86
		{E13D4809-C176-40F8-B597-4F96623882D3}.Debug|Any CPU.Deploy.0 = Debug|x86
		{E13D4809-C176-40F8-B597-4F96623882D3}.Debug|ARM.ActiveCfg = Debug|ARM
		{E13D4809-C176-40F8-B597-4F96623882D3}.Debug|ARM.Build.0 = Debug|ARM
		{E13D4809-C176-40F8-B597-4F96623882D3}.Debug|ARM.Deploy.0 = Debug|ARM
		{E13D4809-C176-40F8-B597-4F96623882D3}.Debug|iPhone.ActiveCfg = Debug|x86
		{E13D4809-C176-40F8-B597-4F96623882D3}.Debug|iPhone.Build.0 = Debug|x86
		{E13D4809-C176-40F8-B597-4F96623882D3}.Debug|iPhone.Deploy.0 = Debug|x86
		{E13D4809-C176-40F8-B597-4F96623882D3}.Debug|iPhoneSimulator.ActiveCfg = Debug|x86
		{E13D4809-C176-40F8-B597-4F96623882D3}.Debug|iPhoneSimulator.Build.0 = Debug|x86
		{E13D4809-C176-40F8-B597-4F96623882D3}.Debug|iPhoneSimulator.Deploy.0 = Debug|x86
		{E13D4809-C176-40F8-B597-4F96623882D3}.Debug|x64.ActiveCfg = Debug|x64
		{E13D4809-C176-40F8-B597-4F96623882D3}.Debug|x64.Build.0 = Debug|x64
		{E13D4809-C176-40F8-B597-4F96623882D3}.Debug|x64.Deploy.0 = Debug|x64
		{E13D4809-C176-40F8-B597-4F96623882D3}.Debug|x86.ActiveCfg = Debug|x86
		{E13D4809-C176-40F8-B597-4F96623882D3}.Debug|x86.Build.0 = Debug|x86
		{E13D4809-C176-40F8-B597-4F96623882D3}.Debug|x86.Deploy.0 = Debug|x86
		{E13D4809-C176-40F8-B597-4F96623882D3}.Release|Any CPU.ActiveCfg = Release|x86
		{E13D4809-C176-40F8-B597-4F96623882D3}.Release|Any CPU.Build.0 = Release|x86
		{E13D4809-C176-40F8-B597-4F96623882D3}.Release|Any CPU.Deploy.0 = Release|x86
		{E13D4809-C176-40F8-B597-4F96623882D3}.Release|ARM.ActiveCfg = Release|ARM
		{E13D4809-C176-40F8-B597-4F96623882D3}.Release|ARM.Build.0 = Release|ARM
		{E13D4809-C176-40F8-B597-4F96623882D3}.Release|ARM.Deploy.0 = Release|ARM
		{E13D4809-C176-40F8-B597-4F96623882D3}.Release|iPhone.ActiveCfg = Release|x86
		{E13D4809-C176-40F8-B597-4F96623882D3}.Release|iPhone.Build.0 = Release|x86
		{E13D4809-C176-40F8-B597-4F96623882D3}.Release|iPhone.Deploy.0 = Release|x86
		{E13D4809-C176-40F8-B597-4F96623882D3}.Release|iPhoneSimulator.ActiveCfg = Release|x86
		{E13D4809-C176-40F8-B597-4F96623882D3}.Release|iPhoneSimulator.Build.0 = Release|x86
		{E13D4809-C176-40F8-B597-4F96623882D3}.Release|iPhoneSimulator.Deploy.0 = Release|x86
		{E13D4809-C176-40F8-B597-4F96623882D3}.Release|x64.ActiveCfg = Release|x64
		{E13D4809-C176-40F8-B597-4F96623882D3}.Release|x64.Build.0 = Release|x64
		{E13D4809-C176-40F8-B597-4F96623882D3}.Release|x64.Deploy.0 = Release|x64
		{E13D4809-C176-40F8-B597-4F96623882D3}.Release|x86.ActiveCfg = Release|x86
		{E13D4809-C176-40F8-B597-4F96623882D3}.Release|x86.Build.0 = Release|x86
		{E13D4809-C176-40F8-B597-4F96623882D3}.Release|x86.Deploy.0 = Release|x86
		{8E6CEA8F-3A98-4B02-B685-ED4E1031FE52}.Debug|Any CPU.ActiveCfg = Debug|Any CPU
		{8E6CEA8F-3A98-4B02-B685-ED4E1031FE52}.Debug|Any CPU.Build.0 = Debug|Any CPU
		{8E6CEA8F-3A98-4B02-B685-ED4E1031FE52}.Debug|Any CPU.Deploy.0 = Debug|Any CPU
		{8E6CEA8F-3A98-4B02-B685-ED4E1031FE52}.Debug|ARM.ActiveCfg = Debug|Any CPU
		{8E6CEA8F-3A98-4B02-B685-ED4E1031FE52}.Debug|ARM.Build.0 = Debug|Any CPU
		{8E6CEA8F-3A98-4B02-B685-ED4E1031FE52}.Debug|ARM.Deploy.0 = Debug|Any CPU
		{8E6CEA8F-3A98-4B02-B685-ED4E1031FE52}.Debug|iPhone.ActiveCfg = Debug|Any CPU
		{8E6CEA8F-3A98-4B02-B685-ED4E1031FE52}.Debug|iPhone.Build.0 = Debug|Any CPU
		{8E6CEA8F-3A98-4B02-B685-ED4E1031FE52}.Debug|iPhone.Deploy.0 = Debug|Any CPU
		{8E6CEA8F-3A98-4B02-B685-ED4E1031FE52}.Debug|iPhoneSimulator.ActiveCfg = Debug|Any CPU
		{8E6CEA8F-3A98-4B02-B685-ED4E1031FE52}.Debug|iPhoneSimulator.Build.0 = Debug|Any CPU
		{8E6CEA8F-3A98-4B02-B685-ED4E1031FE52}.Debug|iPhoneSimulator.Deploy.0 = Debug|Any CPU
		{8E6CEA8F-3A98-4B02-B685-ED4E1031FE52}.Debug|x64.ActiveCfg = Debug|Any CPU
		{8E6CEA8F-3A98-4B02-B685-ED4E1031FE52}.Debug|x64.Build.0 = Debug|Any CPU
		{8E6CEA8F-3A98-4B02-B685-ED4E1031FE52}.Debug|x64.Deploy.0 = Debug|Any CPU
		{8E6CEA8F-3A98-4B02-B685-ED4E1031FE52}.Debug|x86.ActiveCfg = Debug|Any CPU
		{8E6CEA8F-3A98-4B02-B685-ED4E1031FE52}.Debug|x86.Build.0 = Debug|Any CPU
		{8E6CEA8F-3A98-4B02-B685-ED4E1031FE52}.Debug|x86.Deploy.0 = Debug|Any CPU
		{8E6CEA8F-3A98-4B02-B685-ED4E1031FE52}.Release|Any CPU.ActiveCfg = Release|Any CPU
		{8E6CEA8F-3A98-4B02-B685-ED4E1031FE52}.Release|Any CPU.Build.0 = Release|Any CPU
		{8E6CEA8F-3A98-4B02-B685-ED4E1031FE52}.Release|Any CPU.Deploy.0 = Release|Any CPU
		{8E6CEA8F-3A98-4B02-B685-ED4E1031FE52}.Release|ARM.ActiveCfg = Release|Any CPU
		{8E6CEA8F-3A98-4B02-B685-ED4E1031FE52}.Release|ARM.Build.0 = Release|Any CPU
		{8E6CEA8F-3A98-4B02-B685-ED4E1031FE52}.Release|ARM.Deploy.0 = Release|Any CPU
		{8E6CEA8F-3A98-4B02-B685-ED4E1031FE52}.Release|iPhone.ActiveCfg = Release|Any CPU
		{8E6CEA8F-3A98-4B02-B685-ED4E1031FE52}.Release|iPhone.Build.0 = Release|Any CPU
		{8E6CEA8F-3A98-4B02-B685-ED4E1031FE52}.Release|iPhone.Deploy.0 = Release|Any CPU
		{8E6CEA8F-3A98-4B02-B685-ED4E1031FE52}.Release|iPhoneSimulator.ActiveCfg = Release|Any CPU
		{8E6CEA8F-3A98-4B02-B685-ED4E1031FE52}.Release|iPhoneSimulator.Build.0 = Release|Any CPU
		{8E6CEA8F-3A98-4B02-B685-ED4E1031FE52}.Release|iPhoneSimulator.Deploy.0 = Release|Any CPU
		{8E6CEA8F-3A98-4B02-B685-ED4E1031FE52}.Release|x64.ActiveCfg = Release|Any CPU
		{8E6CEA8F-3A98-4B02-B685-ED4E1031FE52}.Release|x64.Build.0 = Release|Any CPU
		{8E6CEA8F-3A98-4B02-B685-ED4E1031FE52}.Release|x64.Deploy.0 = Release|Any CPU
		{8E6CEA8F-3A98-4B02-B685-ED4E1031FE52}.Release|x86.ActiveCfg = Release|Any CPU
		{8E6CEA8F-3A98-4B02-B685-ED4E1031FE52}.Release|x86.Build.0 = Release|Any CPU
		{8E6CEA8F-3A98-4B02-B685-ED4E1031FE52}.Release|x86.Deploy.0 = Release|Any CPU
		{C7911ACB-EA09-4538-BE4B-F135E4611146}.Debug|Any CPU.ActiveCfg = Debug|iPhone
		{C7911ACB-EA09-4538-BE4B-F135E4611146}.Debug|Any CPU.Build.0 = Debug|iPhone
		{C7911ACB-EA09-4538-BE4B-F135E4611146}.Debug|Any CPU.Deploy.0 = Debug|iPhone
		{C7911ACB-EA09-4538-BE4B-F135E4611146}.Debug|ARM.ActiveCfg = Debug|iPhone
		{C7911ACB-EA09-4538-BE4B-F135E4611146}.Debug|ARM.Build.0 = Debug|iPhone
		{C7911ACB-EA09-4538-BE4B-F135E4611146}.Debug|ARM.Deploy.0 = Debug|iPhone
		{C7911ACB-EA09-4538-BE4B-F135E4611146}.Debug|iPhone.ActiveCfg = Debug|iPhone
		{C7911ACB-EA09-4538-BE4B-F135E4611146}.Debug|iPhone.Build.0 = Debug|iPhone
		{C7911ACB-EA09-4538-BE4B-F135E4611146}.Debug|iPhone.Deploy.0 = Debug|iPhone
		{C7911ACB-EA09-4538-BE4B-F135E4611146}.Debug|iPhoneSimulator.ActiveCfg = Debug|iPhoneSimulator
		{C7911ACB-EA09-4538-BE4B-F135E4611146}.Debug|iPhoneSimulator.Build.0 = Debug|iPhoneSimulator
		{C7911ACB-EA09-4538-BE4B-F135E4611146}.Debug|iPhoneSimulator.Deploy.0 = Debug|iPhoneSimulator
		{C7911ACB-EA09-4538-BE4B-F135E4611146}.Debug|x64.ActiveCfg = Debug|iPhone
		{C7911ACB-EA09-4538-BE4B-F135E4611146}.Debug|x64.Build.0 = Debug|iPhone
		{C7911ACB-EA09-4538-BE4B-F135E4611146}.Debug|x64.Deploy.0 = Debug|iPhone
		{C7911ACB-EA09-4538-BE4B-F135E4611146}.Debug|x86.ActiveCfg = Debug|iPhone
		{C7911ACB-EA09-4538-BE4B-F135E4611146}.Debug|x86.Build.0 = Debug|iPhone
		{C7911ACB-EA09-4538-BE4B-F135E4611146}.Debug|x86.Deploy.0 = Debug|iPhone
		{C7911ACB-EA09-4538-BE4B-F135E4611146}.Release|Any CPU.ActiveCfg = Release|iPhone
		{C7911ACB-EA09-4538-BE4B-F135E4611146}.Release|Any CPU.Build.0 = Release|iPhone
		{C7911ACB-EA09-4538-BE4B-F135E4611146}.Release|Any CPU.Deploy.0 = Release|iPhone
		{C7911ACB-EA09-4538-BE4B-F135E4611146}.Release|ARM.ActiveCfg = Release|iPhone
		{C7911ACB-EA09-4538-BE4B-F135E4611146}.Release|ARM.Build.0 = Release|iPhone
		{C7911ACB-EA09-4538-BE4B-F135E4611146}.Release|ARM.Deploy.0 = Release|iPhone
		{C7911ACB-EA09-4538-BE4B-F135E4611146}.Release|iPhone.ActiveCfg = Release|iPhone
		{C7911ACB-EA09-4538-BE4B-F135E4611146}.Release|iPhone.Build.0 = Release|iPhone
		{C7911ACB-EA09-4538-BE4B-F135E4611146}.Release|iPhone.Deploy.0 = Release|iPhone
		{C7911ACB-EA09-4538-BE4B-F135E4611146}.Release|iPhoneSimulator.ActiveCfg = Release|iPhoneSimulator
		{C7911ACB-EA09-4538-BE4B-F135E4611146}.Release|iPhoneSimulator.Build.0 = Release|iPhoneSimulator
		{C7911ACB-EA09-4538-BE4B-F135E4611146}.Release|iPhoneSimulator.Deploy.0 = Release|iPhoneSimulator
		{C7911ACB-EA09-4538-BE4B-F135E4611146}.Release|x64.ActiveCfg = Release|iPhone
		{C7911ACB-EA09-4538-BE4B-F135E4611146}.Release|x64.Build.0 = Release|iPhone
		{C7911ACB-EA09-4538-BE4B-F135E4611146}.Release|x64.Deploy.0 = Release|iPhone
		{C7911ACB-EA09-4538-BE4B-F135E4611146}.Release|x86.ActiveCfg = Release|iPhone
		{C7911ACB-EA09-4538-BE4B-F135E4611146}.Release|x86.Build.0 = Release|iPhone
		{C7911ACB-EA09-4538-BE4B-F135E4611146}.Release|x86.Deploy.0 = Release|iPhone
		{D33CF493-C030-4803-B29B-2F3D59EF708F}.Debug|Any CPU.ActiveCfg = Debug|Any CPU
		{D33CF493-C030-4803-B29B-2F3D59EF708F}.Debug|Any CPU.Build.0 = Debug|Any CPU
		{D33CF493-C030-4803-B29B-2F3D59EF708F}.Debug|Any CPU.Deploy.0 = Debug|Any CPU
		{D33CF493-C030-4803-B29B-2F3D59EF708F}.Debug|ARM.ActiveCfg = Debug|Any CPU
		{D33CF493-C030-4803-B29B-2F3D59EF708F}.Debug|ARM.Build.0 = Debug|Any CPU
		{D33CF493-C030-4803-B29B-2F3D59EF708F}.Debug|ARM.Deploy.0 = Debug|Any CPU
		{D33CF493-C030-4803-B29B-2F3D59EF708F}.Debug|iPhone.ActiveCfg = Debug|Any CPU
		{D33CF493-C030-4803-B29B-2F3D59EF708F}.Debug|iPhone.Build.0 = Debug|Any CPU
		{D33CF493-C030-4803-B29B-2F3D59EF708F}.Debug|iPhone.Deploy.0 = Debug|Any CPU
		{D33CF493-C030-4803-B29B-2F3D59EF708F}.Debug|iPhoneSimulator.ActiveCfg = Debug|Any CPU
		{D33CF493-C030-4803-B29B-2F3D59EF708F}.Debug|iPhoneSimulator.Build.0 = Debug|Any CPU
		{D33CF493-C030-4803-B29B-2F3D59EF708F}.Debug|iPhoneSimulator.Deploy.0 = Debug|Any CPU
		{D33CF493-C030-4803-B29B-2F3D59EF708F}.Debug|x64.ActiveCfg = Debug|Any CPU
		{D33CF493-C030-4803-B29B-2F3D59EF708F}.Debug|x64.Build.0 = Debug|Any CPU
		{D33CF493-C030-4803-B29B-2F3D59EF708F}.Debug|x64.Deploy.0 = Debug|Any CPU
		{D33CF493-C030-4803-B29B-2F3D59EF708F}.Debug|x86.ActiveCfg = Debug|Any CPU
		{D33CF493-C030-4803-B29B-2F3D59EF708F}.Debug|x86.Build.0 = Debug|Any CPU
		{D33CF493-C030-4803-B29B-2F3D59EF708F}.Debug|x86.Deploy.0 = Debug|Any CPU
		{D33CF493-C030-4803-B29B-2F3D59EF708F}.Release|Any CPU.ActiveCfg = Release|Any CPU
		{D33CF493-C030-4803-B29B-2F3D59EF708F}.Release|Any CPU.Build.0 = Release|Any CPU
		{D33CF493-C030-4803-B29B-2F3D59EF708F}.Release|Any CPU.Deploy.0 = Release|Any CPU
		{D33CF493-C030-4803-B29B-2F3D59EF708F}.Release|ARM.ActiveCfg = Release|Any CPU
		{D33CF493-C030-4803-B29B-2F3D59EF708F}.Release|ARM.Build.0 = Release|Any CPU
		{D33CF493-C030-4803-B29B-2F3D59EF708F}.Release|ARM.Deploy.0 = Release|Any CPU
		{D33CF493-C030-4803-B29B-2F3D59EF708F}.Release|iPhone.ActiveCfg = Release|Any CPU
		{D33CF493-C030-4803-B29B-2F3D59EF708F}.Release|iPhone.Build.0 = Release|Any CPU
		{D33CF493-C030-4803-B29B-2F3D59EF708F}.Release|iPhone.Deploy.0 = Release|Any CPU
		{D33CF493-C030-4803-B29B-2F3D59EF708F}.Release|iPhoneSimulator.ActiveCfg = Release|Any CPU
		{D33CF493-C030-4803-B29B-2F3D59EF708F}.Release|iPhoneSimulator.Build.0 = Release|Any CPU
		{D33CF493-C030-4803-B29B-2F3D59EF708F}.Release|iPhoneSimulator.Deploy.0 = Release|Any CPU
		{D33CF493-C030-4803-B29B-2F3D59EF708F}.Release|x64.ActiveCfg = Release|Any CPU
		{D33CF493-C030-4803-B29B-2F3D59EF708F}.Release|x64.Build.0 = Release|Any CPU
		{D33CF493-C030-4803-B29B-2F3D59EF708F}.Release|x64.Deploy.0 = Release|Any CPU
		{D33CF493-C030-4803-B29B-2F3D59EF708F}.Release|x86.ActiveCfg = Release|Any CPU
		{D33CF493-C030-4803-B29B-2F3D59EF708F}.Release|x86.Build.0 = Release|Any CPU
		{D33CF493-C030-4803-B29B-2F3D59EF708F}.Release|x86.Deploy.0 = Release|Any CPU
	EndGlobalSection
	GlobalSection(SolutionProperties) = preSolution
		HideSolutionNode = FALSE
	EndGlobalSection
	GlobalSection(ExtensibilityGlobals) = postSolution
		SolutionGuid = {E2B51D73-43C4-484E-89A6-680035EEEE5C}
	EndGlobalSection
EndGlobal
